
Microsoft Visual Studio Solution File, Format Version 12.00
# Visual Studio Version 17
VisualStudioVersion = 17.0.31903.59
MinimumVisualStudioVersion = 10.0.40219.1
Project("{2150E333-8FDC-42A3-9474-1A3956D46DE8}") = "src", "src", "{827E0CD3-B72D-47B6-A68D-7590B98EB39B}"
EndProject
Project("{FAE04EC0-301F-11D3-BF4B-00C04F79EFBC}") = "TVBridge.Core", "src\TVBridge.Core\TVBridge.Core.csproj", "{3411CBED-936C-41B3-B60A-D0D74AD53F8E}"
EndProject
Project("{FAE04EC0-301F-11D3-BF4B-00C04F79EFBC}") = "TVBridge.App", "src\TVBridge.App\TVBridge.App.csproj", "{3897161A-39D2-4EA6-968A-5D1E2E1EB133}"
EndProject
Project("{FAE04EC0-301F-11D3-BF4B-00C04F79EFBC}") = "TVBridge.Webhook", "src\TVBridge.Webhook\TVBridge.Webhook.csproj", "{41181420-3182-4B5D-916A-7B23D8F73A2E}"
EndProject
Project("{FAE04EC0-301F-11D3-BF4B-00C04F79EFBC}") = "TVBridge.Storage", "src\TVBridge.Storage\TVBridge.Storage.csproj", "{8B6FF39A-EAFA-452A-9006-A64DBFD0678E}"
EndProject
Project("{FAE04EC0-301F-11D3-BF4B-00C04F79EFBC}") = "TVBridge.Tunnel", "src\TVBridge.Tunnel\TVBridge.Tunnel.csproj", "{8973FA08-480D-41EF-8F32-74882A38D85E}"
EndProject
Project("{FAE04EC0-301F-11D3-BF4B-00C04F79EFBC}") = "TVBridge.Channels", "src\TVBridge.Channels\TVBridge.Channels.csproj", "{665AC990-228E-4E8C-82B0-196CED7317C5}"
EndProject
Project("{FAE04EC0-301F-11D3-BF4B-00C04F79EFBC}") = "TVBridge.Core.Tests", "tests\TVBridge.Core.Tests\TVBridge.Core.Tests.csproj", "{D432A562-1FB9-4446-94CC-97B8694A7AB9}"
EndProject
Project("{FAE04EC0-301F-11D3-BF4B-00C04F79EFBC}") = "TVBridge.Channels.Tests", "tests\TVBridge.Channels.Tests\TVBridge.Channels.Tests.csproj", "{37899511-E7EA-4DA5-8B6D-E1A187724797}"
EndProject
Project("{FAE04EC0-301F-11D3-BF4B-00C04F79EFBC}") = "TVBridge.Webhook.Tests", "tests\TVBridge.Webhook.Tests\TVBridge.Webhook.Tests.csproj", "{4EB8D0BB-D0FF-4CDA-B4BC-04BE2BBE66EC}"
EndProject
Project("{2150E333-8FDC-42A3-9474-1A3956D46DE8}") = "tests", "tests", "{0AB3BF05-4346-4AA6-1389-037BE0695223}"
EndProject
Project("{FAE04EC0-301F-11D3-BF4B-00C04F79EFBC}") = "TVBridge.Storage.Tests", "tests\TVBridge.Storage.Tests\TVBridge.Storage.Tests.csproj", "{B02F01B7-F0E1-4E89-9814-DFC820C0C5DC}"
EndProject
Global
	GlobalSection(SolutionConfigurationPlatforms) = preSolution
		Debug|Any CPU = Debug|Any CPU
		Debug|x64 = Debug|x64
		Debug|x86 = Debug|x86
		Release|Any CPU = Release|Any CPU
		Release|x64 = Release|x64
		Release|x86 = Release|x86
	EndGlobalSection
	GlobalSection(ProjectConfigurationPlatforms) = postSolution
		{3411CBED-936C-41B3-B60A-D0D74AD53F8E}.Debug|Any CPU.ActiveCfg = Debug|Any CPU
		{3411CBED-936C-41B3-B60A-D0D74AD53F8E}.Debug|Any CPU.Build.0 = Debug|Any CPU
		{3411CBED-936C-41B3-B60A-D0D74AD53F8E}.Debug|x64.ActiveCfg = Debug|Any CPU
		{3411CBED-936C-41B3-B60A-D0D74AD53F8E}.Debug|x64.Build.0 = Debug|Any CPU
		{3411CBED-936C-41B3-B60A-D0D74AD53F8E}.Debug|x86.ActiveCfg = Debug|Any CPU
		{3411CBED-936C-41B3-B60A-D0D74AD53F8E}.Debug|x86.Build.0 = Debug|Any CPU
		{3411CBED-936C-41B3-B60A-D0D74AD53F8E}.Release|Any CPU.ActiveCfg = Release|Any CPU
		{3411CBED-936C-41B3-B60A-D0D74AD53F8E}.Release|Any CPU.Build.0 = Release|Any CPU
		{3411CBED-936C-41B3-B60A-D0D74AD53F8E}.Release|x64.ActiveCfg = Release|Any CPU
		{3411CBED-936C-41B3-B60A-D0D74AD53F8E}.Release|x64.Build.0 = Release|Any CPU
		{3411CBED-936C-41B3-B60A-D0D74AD53F8E}.Release|x86.ActiveCfg = Release|Any CPU
		{3411CBED-936C-41B3-B60A-D0D74AD53F8E}.Release|x86.Build.0 = Release|Any CPU
		{3897161A-39D2-4EA6-968A-5D1E2E1EB133}.Debug|Any CPU.ActiveCfg = Debug|Any CPU
		{3897161A-39D2-4EA6-968A-5D1E2E1EB133}.Debug|Any CPU.Build.0 = Debug|Any CPU
		{3897161A-39D2-4EA6-968A-5D1E2E1EB133}.Debug|x64.ActiveCfg = Debug|Any CPU
		{3897161A-39D2-4EA6-968A-5D1E2E1EB133}.Debug|x64.Build.0 = Debug|Any CPU
		{3897161A-39D2-4EA6-968A-5D1E2E1EB133}.Debug|x86.ActiveCfg = Debug|Any CPU
		{3897161A-39D2-4EA6-968A-5D1E2E1EB133}.Debug|x86.Build.0 = Debug|Any CPU
		{3897161A-39D2-4EA6-968A-5D1E2E1EB133}.Release|Any CPU.ActiveCfg = Release|Any CPU
		{3897161A-39D2-4EA6-968A-5D1E2E1EB133}.Release|Any CPU.Build.0 = Release|Any CPU
		{3897161A-39D2-4EA6-968A-5D1E2E1EB133}.Release|x64.ActiveCfg = Release|Any CPU
		{3897161A-39D2-4EA6-968A-5D1E2E1EB133}.Release|x64.Build.0 = Release|Any CPU
		{3897161A-39D2-4EA6-968A-5D1E2E1EB133}.Release|x86.ActiveCfg = Release|Any CPU
		{3897161A-39D2-4EA6-968A-5D1E2E1EB133}.Release|x86.Build.0 = Release|Any CPU
		{41181420-3182-4B5D-916A-7B23D8F73A2E}.Debug|Any CPU.ActiveCfg = Debug|Any CPU
		{41181420-3182-4B5D-916A-7B23D8F73A2E}.Debug|Any CPU.Build.0 = Debug|Any CPU
		{41181420-3182-4B5D-916A-7B23D8F73A2E}.Debug|x64.ActiveCfg = Debug|Any CPU
		{41181420-3182-4B5D-916A-7B23D8F73A2E}.Debug|x64.Build.0 = Debug|Any CPU
		{41181420-3182-4B5D-916A-7B23D8F73A2E}.Debug|x86.ActiveCfg = Debug|Any CPU
		{41181420-3182-4B5D-916A-7B23D8F73A2E}.Debug|x86.Build.0 = Debug|Any CPU
		{41181420-3182-4B5D-916A-7B23D8F73A2E}.Release|Any CPU.ActiveCfg = Release|Any CPU
		{41181420-3182-4B5D-916A-7B23D8F73A2E}.Release|Any CPU.Build.0 = Release|Any CPU
		{41181420-3182-4B5D-916A-7B23D8F73A2E}.Release|x64.ActiveCfg = Release|Any CPU
		{41181420-3182-4B5D-916A-7B23D8F73A2E}.Release|x64.Build.0 = Release|Any CPU
		{41181420-3182-4B5D-916A-7B23D8F73A2E}.Release|x86.ActiveCfg = Release|Any CPU
		{41181420-3182-4B5D-916A-7B23D8F73A2E}.Release|x86.Build.0 = Release|Any CPU
		{8B6FF39A-EAFA-452A-9006-A64DBFD0678E}.Debug|Any CPU.ActiveCfg = Debug|Any CPU
		{8B6FF39A-EAFA-452A-9006-A64DBFD0678E}.Debug|Any CPU.Build.0 = Debug|Any CPU
		{8B6FF39A-EAFA-452A-9006-A64DBFD0678E}.Debug|x64.ActiveCfg = Debug|Any CPU
		{8B6FF39A-EAFA-452A-9006-A64DBFD0678E}.Debug|x64.Build.0 = Debug|Any CPU
		{8B6FF39A-EAFA-452A-9006-A64DBFD0678E}.Debug|x86.ActiveCfg = Debug|Any CPU
		{8B6FF39A-EAFA-452A-9006-A64DBFD0678E}.Debug|x86.Build.0 = Debug|Any CPU
		{8B6FF39A-EAFA-452A-9006-A64DBFD0678E}.Release|Any CPU.ActiveCfg = Release|Any CPU
		{8B6FF39A-EAFA-452A-9006-A64DBFD0678E}.Release|Any CPU.Build.0 = Release|Any CPU
		{8B6FF39A-EAFA-452A-9006-A64DBFD0678E}.Release|x64.ActiveCfg = Release|Any CPU
		{8B6FF39A-EAFA-452A-9006-A64DBFD0678E}.Release|x64.Build.0 = Release|Any CPU
		{8B6FF39A-EAFA-452A-9006-A64DBFD0678E}.Release|x86.ActiveCfg = Release|Any CPU
		{8B6FF39A-EAFA-452A-9006-A64DBFD0678E}.Release|x86.Build.0 = Release|Any CPU
		{8973FA08-480D-41EF-8F32-74882A38D85E}.Debug|Any CPU.ActiveCfg = Debug|Any CPU
		{8973FA08-480D-41EF-8F32-74882A38D85E}.Debug|Any CPU.Build.0 = Debug|Any CPU
		{8973FA08-480D-41EF-8F32-74882A38D85E}.Debug|x64.ActiveCfg = Debug|Any CPU
		{8973FA08-480D-41EF-8F32-74882A38D85E}.Debug|x64.Build.0 = Debug|Any CPU
		{8973FA08-480D-41EF-8F32-74882A38D85E}.Debug|x86.ActiveCfg = Debug|Any CPU
		{8973FA08-480D-41EF-8F32-74882A38D85E}.Debug|x86.Build.0 = Debug|Any CPU
		{8973FA08-480D-41EF-8F32-74882A38D85E}.Release|Any CPU.ActiveCfg = Release|Any CPU
		{8973FA08-480D-41EF-8F32-74882A38D85E}.Release|Any CPU.Build.0 = Release|Any CPU
		{8973FA08-480D-41EF-8F32-74882A38D85E}.Release|x64.ActiveCfg = Release|Any CPU
		{8973FA08-480D-41EF-8F32-74882A38D85E}.Release|x64.Build.0 = Release|Any CPU
		{8973FA08-480D-41EF-8F32-74882A38D85E}.Release|x86.ActiveCfg = Release|Any CPU
		{8973FA08-480D-41EF-8F32-74882A38D85E}.Release|x86.Build.0 = Release|Any CPU
		{665AC990-228E-4E8C-82B0-196CED7317C5}.Debug|Any CPU.ActiveCfg = Debug|Any CPU
		{665AC990-228E-4E8C-82B0-196CED7317C5}.Debug|Any CPU.Build.0 = Debug|Any CPU
		{665AC990-228E-4E8C-82B0-196CED7317C5}.Debug|x64.ActiveCfg = Debug|Any CPU
		{665AC990-228E-4E8C-82B0-196CED7317C5}.Debug|x64.Build.0 = Debug|Any CPU
		{665AC990-228E-4E8C-82B0-196CED7317C5}.Debug|x86.ActiveCfg = Debug|Any CPU
		{665AC990-228E-4E8C-82B0-196CED7317C5}.Debug|x86.Build.0 = Debug|Any CPU
		{665AC990-228E-4E8C-82B0-196CED7317C5}.Release|Any CPU.ActiveCfg = Release|Any CPU
		{665AC990-228E-4E8C-82B0-196CED7317C5}.Release|Any CPU.Build.0 = Release|Any CPU
		{665AC990-228E-4E8C-82B0-196CED7317C5}.Release|x64.ActiveCfg = Release|Any CPU
		{665AC990-228E-4E8C-82B0-196CED7317C5}.Release|x64.Build.0 = Release|Any CPU
		{665AC990-228E-4E8C-82B0-196CED7317C5}.Release|x86.ActiveCfg = Release|Any CPU
		{665AC990-228E-4E8C-82B0-196CED7317C5}.Release|x86.Build.0 = Release|Any CPU
		{D432A562-1FB9-4446-94CC-97B8694A7AB9}.Debug|Any CPU.ActiveCfg = Debug|Any CPU
		{D432A562-1FB9-4446-94CC-97B8694A7AB9}.Debug|Any CPU.Build.0 = Debug|Any CPU
		{D432A562-1FB9-4446-94CC-97B8694A7AB9}.Debug|x64.ActiveCfg = Debug|Any CPU
		{D432A562-1FB9-4446-94CC-97B8694A7AB9}.Debug|x64.Build.0 = Debug|Any CPU
		{D432A562-1FB9-4446-94CC-97B8694A7AB9}.Debug|x86.ActiveCfg = Debug|Any CPU
		{D432A562-1FB9-4446-94CC-97B8694A7AB9}.Debug|x86.Build.0 = Debug|Any CPU
		{D432A562-1FB9-4446-94CC-97B8694A7AB9}.Release|Any CPU.ActiveCfg = Release|Any CPU
		{D432A562-1FB9-4446-94CC-97B8694A7AB9}.Release|Any CPU.Build.0 = Release|Any CPU
		{D432A562-1FB9-4446-94CC-97B8694A7AB9}.Release|x64.ActiveCfg = Release|Any CPU
		{D432A562-1FB9-4446-94CC-97B8694A7AB9}.Release|x64.Build.0 = Release|Any CPU
		{D432A562-1FB9-4446-94CC-97B8694A7AB9}.Release|x86.ActiveCfg = Release|Any CPU
		{D432A562-1FB9-4446-94CC-97B8694A7AB9}.Release|x86.Build.0 = Release|Any CPU
		{37899511-E7EA-4DA5-8B6D-E1A187724797}.Debug|Any CPU.ActiveCfg = Debug|Any CPU
		{37899511-E7EA-4DA5-8B6D-E1A187724797}.Debug|Any CPU.Build.0 = Debug|Any CPU
		{37899511-E7EA-4DA5-8B6D-E1A187724797}.Debug|x64.ActiveCfg = Debug|Any CPU
		{37899511-E7EA-4DA5-8B6D-E1A187724797}.Debug|x64.Build.0 = Debug|Any CPU
		{37899511-E7EA-4DA5-8B6D-E1A187724797}.Debug|x86.ActiveCfg = Debug|Any CPU
		{37899511-E7EA-4DA5-8B6D-E1A187724797}.Debug|x86.Build.0 = Debug|Any CPU
		{37899511-E7EA-4DA5-8B6D-E1A187724797}.Release|Any CPU.ActiveCfg = Release|Any CPU
		{37899511-E7EA-4DA5-8B6D-E1A187724797}.Release|Any CPU.Build.0 = Release|Any CPU
		{37899511-E7EA-4DA5-8B6D-E1A187724797}.Release|x64.ActiveCfg = Release|Any CPU
		{37899511-E7EA-4DA5-8B6D-E1A187724797}.Release|x64.Build.0 = Release|Any CPU
		{37899511-E7EA-4DA5-8B6D-E1A187724797}.Release|x86.ActiveCfg = Release|Any CPU
		{37899511-E7EA-4DA5-8B6D-E1A187724797}.Release|x86.Build.0 = Release|Any CPU
		{4EB8D0BB-D0FF-4CDA-B4BC-04BE2BBE66EC}.Debug|Any CPU.ActiveCfg = Debug|Any CPU
		{4EB8D0BB-D0FF-4CDA-B4BC-04BE2BBE66EC}.Debug|Any CPU.Build.0 = Debug|Any CPU
		{4EB8D0BB-D0FF-4CDA-B4BC-04BE2BBE66EC}.Debug|x64.ActiveCfg = Debug|Any CPU
		{4EB8D0BB-D0FF-4CDA-B4BC-04BE2BBE66EC}.Debug|x64.Build.0 = Debug|Any CPU
		{4EB8D0BB-D0FF-4CDA-B4BC-04BE2BBE66EC}.Debug|x86.ActiveCfg = Debug|Any CPU
		{4EB8D0BB-D0FF-4CDA-B4BC-04BE2BBE66EC}.Debug|x86.Build.0 = Debug|Any CPU
		{4EB8D0BB-D0FF-4CDA-B4BC-04BE2BBE66EC}.Release|Any CPU.ActiveCfg = Release|Any CPU
		{4EB8D0BB-D0FF-4CDA-B4BC-04BE2BBE66EC}.Release|Any CPU.Build.0 = Release|Any CPU
		{4EB8D0BB-D0FF-4CDA-B4BC-04BE2BBE66EC}.Release|x64.ActiveCfg = Release|Any CPU
		{4EB8D0BB-D0FF-4CDA-B4BC-04BE2BBE66EC}.Release|x64.Build.0 = Release|Any CPU
		{4EB8D0BB-D0FF-4CDA-B4BC-04BE2BBE66EC}.Release|x86.ActiveCfg = Release|Any CPU
		{4EB8D0BB-D0FF-4CDA-B4BC-04BE2BBE66EC}.Release|x86.Build.0 = Release|Any CPU
		{B02F01B7-F0E1-4E89-9814-DFC820C0C5DC}.Debug|Any CPU.ActiveCfg = Debug|Any CPU
		{B02F01B7-F0E1-4E89-9814-DFC820C0C5DC}.Debug|Any CPU.Build.0 = Debug|Any CPU
		{B02F01B7-F0E1-4E89-9814-DFC820C0C5DC}.Debug|x64.ActiveCfg = Debug|Any CPU
		{B02F01B7-F0E1-4E89-9814-DFC820C0C5DC}.Debug|x64.Build.0 = Debug|Any CPU
		{B02F01B7-F0E1-4E89-9814-DFC820C0C5DC}.Debug|x86.ActiveCfg = Debug|Any CPU
		{B02F01B7-F0E1-4E89-9814-DFC820C0C5DC}.Debug|x86.Build.0 = Debug|Any CPU
		{B02F01B7-F0E1-4E89-9814-DFC820C0C5DC}.Release|Any CPU.ActiveCfg = Release|Any CPU
		{B02F01B7-F0E1-4E89-9814-DFC820C0C5DC}.Release|Any CPU.Build.0 = Release|Any CPU
		{B02F01B7-F0E1-4E89-9814-DFC820C0C5DC}.Release|x64.ActiveCfg = Release|Any CPU
		{B02F01B7-F0E1-4E89-9814-DFC820C0C5DC}.Release|x64.Build.0 = Release|Any CPU
		{B02F01B7-F0E1-4E89-9814-DFC820C0C5DC}.Release|x86.ActiveCfg = Release|Any CPU
		{B02F01B7-F0E1-4E89-9814-DFC820C0C5DC}.Release|x86.Build.0 = Release|Any CPU
	EndGlobalSection
	GlobalSection(SolutionProperties) = preSolution
		HideSolutionNode = FALSE
	EndGlobalSection
	GlobalSection(NestedProjects) = preSolution
		{3411CBED-936C-41B3-B60A-D0D74AD53F8E} = {827E0CD3-B72D-47B6-A68D-7590B98EB39B}
		{3897161A-39D2-4EA6-968A-5D1E2E1EB133} = {827E0CD3-B72D-47B6-A68D-7590B98EB39B}
		{41181420-3182-4B5D-916A-7B23D8F73A2E} = {827E0CD3-B72D-47B6-A68D-7590B98EB39B}
		{8B6FF39A-EAFA-452A-9006-A64DBFD0678E} = {827E0CD3-B72D-47B6-A68D-7590B98EB39B}
		{8973FA08-480D-41EF-8F32-74882A38D85E} = {827E0CD3-B72D-47B6-A68D-7590B98EB39B}
		{665AC990-228E-4E8C-82B0-196CED7317C5} = {827E0CD3-B72D-47B6-A68D-7590B98EB39B}
		{D432A562-1FB9-4446-94CC-97B8694A7AB9} = {827E0CD3-B72D-47B6-A68D-7590B98EB39B}
		{37899511-E7EA-4DA5-8B6D-E1A187724797} = {827E0CD3-B72D-47B6-A68D-7590B98EB39B}
		{4EB8D0BB-D0FF-4CDA-B4BC-04BE2BBE66EC} = {827E0CD3-B72D-47B6-A68D-7590B98EB39B}
		{B02F01B7-F0E1-4E89-9814-DFC820C0C5DC} = {0AB3BF05-4346-4AA6-1389-037BE0695223}
	EndGlobalSection
EndGlobal
